
Microsoft Visual Studio Solution File, Format Version 12.00
# Visual Studio Version 16
VisualStudioVersion = 16.0.32413.511
MinimumVisualStudioVersion = 10.0.40219.1
Project("{FAE04EC0-301F-11D3-BF4B-00C04F79EFBC}") = "Notus-Image-Watermarker", "Notus-Image-Watermarker\Notus-Image-Watermarker.csproj", "{A9821D02-E6F3-4785-BEEB-4F306A3C9C71}"
EndProject
Global
	GlobalSection(SolutionConfigurationPlatforms) = preSolution
		Debug|Any CPU = Debug|Any CPU
		Release|Any CPU = Release|Any CPU
	EndGlobalSection
	GlobalSection(ProjectConfigurationPlatforms) = postSolution
		{A9821D02-E6F3-4785-BEEB-4F306A3C9C71}.Debug|Any CPU.ActiveCfg = Debug|Any CPU
		{A9821D02-E6F3-4785-BEEB-4F306A3C9C71}.Debug|Any CPU.Build.0 = Debug|Any CPU
		{A9821D02-E6F3-4785-BEEB-4F306A3C9C71}.Release|Any CPU.ActiveCfg = Release|Any CPU
		{A9821D02-E6F3-4785-BEEB-4F306A3C9C71}.Release|Any CPU.Build.0 = Release|Any CPU
	EndGlobalSection
	GlobalSection(SolutionProperties) = preSolution
		HideSolutionNode = FALSE
	EndGlobalSection
	GlobalSection(ExtensibilityGlobals) = postSolution
		SolutionGuid = {B2EFC3FE-83EF-4C4B-AD78-31988C5E4958}
	EndGlobalSection
EndGlobal
