
Microsoft Visual Studio Solution File, Format Version 12.00
# Visual Studio Version 16
VisualStudioVersion = 16.0.32413.511
MinimumVisualStudioVersion = 10.0.40219.1
Project("{FAE04EC0-301F-11D3-BF4B-00C04F79EFBC}") = "Notus-File-Uploader-Test", "Notus-File-Uploader-Test\Notus-File-Uploader-Test.csproj", "{C46D3794-8A26-4C5A-9ECD-DCBEBFA32F68}"
EndProject
Global
	GlobalSection(SolutionConfigurationPlatforms) = preSolution
		Debug|Any CPU = Debug|Any CPU
		Release|Any CPU = Release|Any CPU
	EndGlobalSection
	GlobalSection(ProjectConfigurationPlatforms) = postSolution
		{C46D3794-8A26-4C5A-9ECD-DCBEBFA32F68}.Debug|Any CPU.ActiveCfg = Debug|Any CPU
		{C46D3794-8A26-4C5A-9ECD-DCBEBFA32F68}.Debug|Any CPU.Build.0 = Debug|Any CPU
		{C46D3794-8A26-4C5A-9ECD-DCBEBFA32F68}.Release|Any CPU.ActiveCfg = Release|Any CPU
		{C46D3794-8A26-4C5A-9ECD-DCBEBFA32F68}.Release|Any CPU.Build.0 = Release|Any CPU
	EndGlobalSection
	GlobalSection(SolutionProperties) = preSolution
		HideSolutionNode = FALSE
	EndGlobalSection
	GlobalSection(ExtensibilityGlobals) = postSolution
		SolutionGuid = {16800AE0-4FF8-4E6C-A14E-11D042FCF7C3}
	EndGlobalSection
EndGlobal
