
Microsoft Visual Studio Solution File, Format Version 12.00
# Visual Studio Version 16
VisualStudioVersion = 16.0.32413.511
MinimumVisualStudioVersion = 10.0.40219.1
Project("{FAE04EC0-301F-11D3-BF4B-00C04F79EFBC}") = "Notus-Nft-Wallet", "Notus-Nft-Wallet\Notus-Nft-Wallet.csproj", "{0B3D4A1E-BC25-446F-BC60-D02CB928B630}"
EndProject
Global
	GlobalSection(SolutionConfigurationPlatforms) = preSolution
		Debug|Any CPU = Debug|Any CPU
		Release|Any CPU = Release|Any CPU
	EndGlobalSection
	GlobalSection(ProjectConfigurationPlatforms) = postSolution
		{0B3D4A1E-BC25-446F-BC60-D02CB928B630}.Debug|Any CPU.ActiveCfg = Debug|Any CPU
		{0B3D4A1E-BC25-446F-BC60-D02CB928B630}.Debug|Any CPU.Build.0 = Debug|Any CPU
		{0B3D4A1E-BC25-446F-BC60-D02CB928B630}.Release|Any CPU.ActiveCfg = Release|Any CPU
		{0B3D4A1E-BC25-446F-BC60-D02CB928B630}.Release|Any CPU.Build.0 = Release|Any CPU
	EndGlobalSection
	GlobalSection(SolutionProperties) = preSolution
		HideSolutionNode = FALSE
	EndGlobalSection
	GlobalSection(ExtensibilityGlobals) = postSolution
		SolutionGuid = {E126EF41-0B31-4282-95A6-CC5E14A56271}
	EndGlobalSection
EndGlobal
